
Microsoft Visual Studio Solution File, Format Version 12.00
Project("{FAE04EC0-301F-11D3-BF4B-00C04F79EFBC}") = "FlexPkg", "FlexPkg\FlexPkg.csproj", "{FE9B7FF9-7CBF-4914-ABB3-62D680554E6E}"
EndProject
Project("{FAE04EC0-301F-11D3-BF4B-00C04F79EFBC}") = "FlexPkg.Steam", "FlexPkg.Steam\FlexPkg.Steam.csproj", "{05CFC176-533B-4445-9094-C6F410C56856}"
EndProject
Project("{FAE04EC0-301F-11D3-BF4B-00C04F79EFBC}") = "FlexPkg.Common", "FlexPkg.Common\FlexPkg.Common.csproj", "{1BA03693-99C3-4EE3-8220-F65115FE56D9}"
EndProject
Project("{FAE04EC0-301F-11D3-BF4B-00C04F79EFBC}") = "FlexPkg.Database", "FlexPkg.Database\FlexPkg.Database.csproj", "{9C957C59-0698-44CD-862B-FCE7A6A54DE3}"
EndProject
Project("{FAE04EC0-301F-11D3-BF4B-00C04F79EFBC}") = "FlexPkg.SqliteMigrations", "FlexPkg.SqliteMigrations\FlexPkg.SqliteMigrations.csproj", "{EAD75154-EF19-40A3-A8DE-C1489C8E1EBD}"
EndProject
Project("{2150E333-8FDC-42A3-9474-1A3956D46DE8}") = "Migrations", "Migrations", "{F79FECD3-055B-423E-BF7A-9FEA3C58CF5D}"
EndProject
Project("{FAE04EC0-301F-11D3-BF4B-00C04F79EFBC}") = "FlexPkg.MySqlMigrations", "FlexPkg.MySqlMigrations\FlexPkg.MySqlMigrations.csproj", "{D7581795-D493-4FA1-86AC-B3ACD4898991}"
EndProject
Project("{FAE04EC0-301F-11D3-BF4B-00C04F79EFBC}") = "FlexPkg.PostgreSqlMigrations", "FlexPkg.PostgreSqlMigrations\FlexPkg.PostgreSqlMigrations.csproj", "{3E2738AE-A850-4602-A568-238B4563C246}"
EndProject
Project("{2150E333-8FDC-42A3-9474-1A3956D46DE8}") = "Solution Items", "Solution Items", "{E321256B-9485-4487-9C84-52CC4F3650AD}"
	ProjectSection(SolutionItems) = preProject
		.dockerignore = .dockerignore
		.gitignore = .gitignore
		CHANGELOG.md = CHANGELOG.md
		Dockerfile = Dockerfile
		LICENSE = LICENSE
		README.md = README.md
	EndProjectSection
EndProject
Global
	GlobalSection(SolutionConfigurationPlatforms) = preSolution
		Debug|Any CPU = Debug|Any CPU
		Release|Any CPU = Release|Any CPU
	EndGlobalSection
	GlobalSection(ProjectConfigurationPlatforms) = postSolution
		{FE9B7FF9-7CBF-4914-ABB3-62D680554E6E}.Debug|Any CPU.ActiveCfg = Debug|Any CPU
		{FE9B7FF9-7CBF-4914-ABB3-62D680554E6E}.Debug|Any CPU.Build.0 = Debug|Any CPU
		{FE9B7FF9-7CBF-4914-ABB3-62D680554E6E}.Release|Any CPU.ActiveCfg = Release|Any CPU
		{FE9B7FF9-7CBF-4914-ABB3-62D680554E6E}.Release|Any CPU.Build.0 = Release|Any CPU
		{05CFC176-533B-4445-9094-C6F410C56856}.Debug|Any CPU.ActiveCfg = Debug|Any CPU
		{05CFC176-533B-4445-9094-C6F410C56856}.Debug|Any CPU.Build.0 = Debug|Any CPU
		{05CFC176-533B-4445-9094-C6F410C56856}.Release|Any CPU.ActiveCfg = Release|Any CPU
		{05CFC176-533B-4445-9094-C6F410C56856}.Release|Any CPU.Build.0 = Release|Any CPU
		{1BA03693-99C3-4EE3-8220-F65115FE56D9}.Debug|Any CPU.ActiveCfg = Debug|Any CPU
		{1BA03693-99C3-4EE3-8220-F65115FE56D9}.Debug|Any CPU.Build.0 = Debug|Any CPU
		{1BA03693-99C3-4EE3-8220-F65115FE56D9}.Release|Any CPU.ActiveCfg = Release|Any CPU
		{1BA03693-99C3-4EE3-8220-F65115FE56D9}.Release|Any CPU.Build.0 = Release|Any CPU
		{9C957C59-0698-44CD-862B-FCE7A6A54DE3}.Debug|Any CPU.ActiveCfg = Debug|Any CPU
		{9C957C59-0698-44CD-862B-FCE7A6A54DE3}.Debug|Any CPU.Build.0 = Debug|Any CPU
		{9C957C59-0698-44CD-862B-FCE7A6A54DE3}.Release|Any CPU.ActiveCfg = Release|Any CPU
		{9C957C59-0698-44CD-862B-FCE7A6A54DE3}.Release|Any CPU.Build.0 = Release|Any CPU
		{EAD75154-EF19-40A3-A8DE-C1489C8E1EBD}.Debug|Any CPU.ActiveCfg = Debug|Any CPU
		{EAD75154-EF19-40A3-A8DE-C1489C8E1EBD}.Debug|Any CPU.Build.0 = Debug|Any CPU
		{EAD75154-EF19-40A3-A8DE-C1489C8E1EBD}.Release|Any CPU.ActiveCfg = Release|Any CPU
		{EAD75154-EF19-40A3-A8DE-C1489C8E1EBD}.Release|Any CPU.Build.0 = Release|Any CPU
		{D7581795-D493-4FA1-86AC-B3ACD4898991}.Debug|Any CPU.ActiveCfg = Debug|Any CPU
		{D7581795-D493-4FA1-86AC-B3ACD4898991}.Debug|Any CPU.Build.0 = Debug|Any CPU
		{D7581795-D493-4FA1-86AC-B3ACD4898991}.Release|Any CPU.ActiveCfg = Release|Any CPU
		{D7581795-D493-4FA1-86AC-B3ACD4898991}.Release|Any CPU.Build.0 = Release|Any CPU
		{3E2738AE-A850-4602-A568-238B4563C246}.Debug|Any CPU.ActiveCfg = Debug|Any CPU
		{3E2738AE-A850-4602-A568-238B4563C246}.Debug|Any CPU.Build.0 = Debug|Any CPU
		{3E2738AE-A850-4602-A568-238B4563C246}.Release|Any CPU.ActiveCfg = Release|Any CPU
		{3E2738AE-A850-4602-A568-238B4563C246}.Release|Any CPU.Build.0 = Release|Any CPU
	EndGlobalSection
	GlobalSection(NestedProjects) = preSolution
		{EAD75154-EF19-40A3-A8DE-C1489C8E1EBD} = {F79FECD3-055B-423E-BF7A-9FEA3C58CF5D}
		{D7581795-D493-4FA1-86AC-B3ACD4898991} = {F79FECD3-055B-423E-BF7A-9FEA3C58CF5D}
		{3E2738AE-A850-4602-A568-238B4563C246} = {F79FECD3-055B-423E-BF7A-9FEA3C58CF5D}
	EndGlobalSection
EndGlobal
